<?xml version="1.0" encoding="utf-8"?>
<Project ToolsVersion="4.0" xmlns="http://schemas.microsoft.com/developer/msbuild/2003">
  <ItemGroup>
    <ClCompile Include="AddressExtractor.cpp">
      <Filter>Source Files</Filter>
    </ClCompile>
    <ClCompile Include="AddressExtractorTest.cpp">
      <Filter>Source Files</Filter>
    </ClCompile>
    <ClCompile Include="CurlHttp.cpp">
      <Filter>Source Files</Filter>
    </ClCompile>
    <ClCompile Include="CurlHttpTest.cpp">
      <Filter>Source Files</Filter>
    </ClCompile>
    <ClCompile Include="main.cpp">
      <Filter>Source Files</Filter>
    </ClCompile>
    <ClCompile Include="PlaceDescriptionService.cpp">
      <Filter>Source Files</Filter>
    </ClCompile>
    <ClCompile Include="PlaceDescriptionServiceTest.cpp">
      <Filter>Source Files</Filter>
    </ClCompile>
  </ItemGroup>
  <ItemGroup>
    <ClInclude Include="Address.h">
      <Filter>Header Files</Filter>
    </ClInclude>
    <ClInclude Include="AddressExtractor.h">
      <Filter>Header Files</Filter>
    </ClInclude>
    <ClInclude Include="CurlHttp.h">
      <Filter>Header Files</Filter>
    </ClInclude>
    <ClInclude Include="Http.h">
      <Filter>Header Files</Filter>
    </ClInclude>
    <ClInclude Include="PlaceDescriptionService.h">
      <Filter>Header Files</Filter>
    </ClInclude>
  </ItemGroup>
  <ItemGroup>
    <Filter Include="Source Files">
      <UniqueIdentifier>{695cb86c-47ed-4667-8e81-1215d6af0b46}</UniqueIdentifier>
    </Filter>
    <Filter Include="Header Files">
      <UniqueIdentifier>{b2bd48c0-b861-4af2-8200-74a8e83e528c}</UniqueIdentifier>
    </Filter>
  </ItemGroup>
</Project>