<?xml version="1.0" encoding="utf-8"?>
<Project ToolsVersion="4.0" xmlns="http://schemas.microsoft.com/developer/msbuild/2003">
  <ItemGroup>
    <Filter Include="Source Files">
      <UniqueIdentifier>{695cb86c-47ed-4667-8e81-1215d6af0b46}</UniqueIdentifier>
    </Filter>
    <Filter Include="Header Files">
      <UniqueIdentifier>{b2bd48c0-b861-4af2-8200-74a8e83e528c}</UniqueIdentifier>
    </Filter>
  </ItemGroup>
  <ItemGroup>
    <ClCompile Include="18\AddressExtractor.cpp">
      <Filter>Source Files</Filter>
    </ClCompile>
    <ClCompile Include="18\AddressExtractorTest.cpp">
      <Filter>Source Files</Filter>
    </ClCompile>
    <ClCompile Include="18\CurlHttp.cpp">
      <Filter>Source Files</Filter>
    </ClCompile>
    <ClCompile Include="18\CurlHttpTest.cpp">
      <Filter>Source Files</Filter>
    </ClCompile>
    <ClCompile Include="18\HttpFactory.cpp">
      <Filter>Source Files</Filter>
    </ClCompile>
    <ClCompile Include="18\main.cpp">
      <Filter>Source Files</Filter>
    </ClCompile>
    <ClCompile Include="18\OutParameterTest.cpp">
      <Filter>Source Files</Filter>
    </ClCompile>
    <ClCompile Include="18\PlaceDescriptionService.cpp">
      <Filter>Source Files</Filter>
    </ClCompile>
    <ClCompile Include="18\PlaceDescriptionServiceTest.cpp">
      <Filter>Source Files</Filter>
    </ClCompile>
  </ItemGroup>
  <ItemGroup>
    <ClInclude Include="18\Address.h">
      <Filter>Header Files</Filter>
    </ClInclude>
    <ClInclude Include="18\AddressExtractor.h">
      <Filter>Header Files</Filter>
    </ClInclude>
    <ClInclude Include="18\CurlHttp.h">
      <Filter>Header Files</Filter>
    </ClInclude>
    <ClInclude Include="18\Http.h">
      <Filter>Header Files</Filter>
    </ClInclude>
    <ClInclude Include="18\HttpFactory.h">
      <Filter>Header Files</Filter>
    </ClInclude>
    <ClInclude Include="18\PlaceDescriptionService.h">
      <Filter>Header Files</Filter>
    </ClInclude>
  </ItemGroup>
</Project>